// !$*UTF8*$!
{
	archiveVersion = 1;
	classes = {
	};
	objectVersion = 46;
	objects = {

/* Begin PBXBuildFile section */
		B500DFFF1C0FEAEB00D07824 /* smiley.png in Resources */ = {isa = PBXBuildFile; fileRef = B500DFFE1C0FEAEB00D07824 /* smiley.png */; };
		B50BE4301BE50DD7008CD8E6 /* PlayerCell.m in Sources */ = {isa = PBXBuildFile; fileRef = B50BE42E1BE50DD7008CD8E6 /* PlayerCell.m */; };
		B5311E211C72C29500E903FD /* iBanker.icon_180x180.png in Resources */ = {isa = PBXBuildFile; fileRef = B5311E201C72C29500E903FD /* iBanker.icon_180x180.png */; };
		B546DF121BDBCC360006D303 /* main.m in Sources */ = {isa = PBXBuildFile; fileRef = B546DF111BDBCC360006D303 /* main.m */; };
		B546DF151BDBCC360006D303 /* AppDelegate.m in Sources */ = {isa = PBXBuildFile; fileRef = B546DF141BDBCC360006D303 /* AppDelegate.m */; };
		B546DF181BDBCC360006D303 /* MasterViewController.m in Sources */ = {isa = PBXBuildFile; fileRef = B546DF171BDBCC360006D303 /* MasterViewController.m */; };
		B546DF1B1BDBCC360006D303 /* DetailViewController.m in Sources */ = {isa = PBXBuildFile; fileRef = B546DF1A1BDBCC360006D303 /* DetailViewController.m */; };
		B546DF1E1BDBCC360006D303 /* Main.storyboard in Resources */ = {isa = PBXBuildFile; fileRef = B546DF1C1BDBCC360006D303 /* Main.storyboard */; };
		B546DF201BDBCC360006D303 /* Assets.xcassets in Resources */ = {isa = PBXBuildFile; fileRef = B546DF1F1BDBCC360006D303 /* Assets.xcassets */; };
		B546DF231BDBCC360006D303 /* LaunchScreen.storyboard in Resources */ = {isa = PBXBuildFile; fileRef = B546DF211BDBCC360006D303 /* LaunchScreen.storyboard */; };
		B546DF2E1BDBCCB90006D303 /* Player.m in Sources */ = {isa = PBXBuildFile; fileRef = B546DF2B1BDBCCB90006D303 /* Player.m */; };
		B546DF2F1BDBCCB90006D303 /* PlayerStore.m in Sources */ = {isa = PBXBuildFile; fileRef = B546DF2D1BDBCCB90006D303 /* PlayerStore.m */; };
		B55538EF1C152800006E1848 /* GameImageMaker.m in Sources */ = {isa = PBXBuildFile; fileRef = B55538EE1C152800006E1848 /* GameImageMaker.m */; };
		B555BAFE1F4D179A00BADEF6 /* LICENSE in Resources */ = {isa = PBXBuildFile; fileRef = B555BAFD1F4D179A00BADEF6 /* LICENSE */; };
		B555BB001F4D17C100BADEF6 /* README in Resources */ = {isa = PBXBuildFile; fileRef = B555BAFF1F4D17C100BADEF6 /* README */; };
		B55B66731C0A3E86007FC779 /* CashRegister.Myoung8.commonswiki.m4a in Resources */ = {isa = PBXBuildFile; fileRef = B55B66721C0A3E86007FC779 /* CashRegister.Myoung8.commonswiki.m4a */; };
		B55B66771C0A3EC0007FC779 /* SadSound.m4a in Resources */ = {isa = PBXBuildFile; fileRef = B55B66761C0A3EC0007FC779 /* SadSound.m4a */; };
		B55B66791C0A3EDE007FC779 /* HappySound.m4a in Resources */ = {isa = PBXBuildFile; fileRef = B55B66781C0A3EDE007FC779 /* HappySound.m4a */; };
		B57360611CACC88E007280D8 /* Log.m in Sources */ = {isa = PBXBuildFile; fileRef = B57360581CACC88E007280D8 /* Log.m */; };
		B57360621CACC88E007280D8 /* LogItem.m in Sources */ = {isa = PBXBuildFile; fileRef = B573605A1CACC88E007280D8 /* LogItem.m */; };
		B57360631CACC88E007280D8 /* LogViewController.m in Sources */ = {isa = PBXBuildFile; fileRef = B573605C1CACC88E007280D8 /* LogViewController.m */; };
		B57360641CACC88E007280D8 /* Mode.m in Sources */ = {isa = PBXBuildFile; fileRef = B573605E1CACC88E007280D8 /* Mode.m */; };
		B57360651CACC88E007280D8 /* SettingsStore.m in Sources */ = {isa = PBXBuildFile; fileRef = B57360601CACC88E007280D8 /* SettingsStore.m */; };
		B578FD4E1CE2C3FD00820ED4 /* log28.png in Resources */ = {isa = PBXBuildFile; fileRef = B578FD4D1CE2C3FD00820ED4 /* log28.png */; };
		B57F6B061C149F98006B6F70 /* CoinDrop.m4a in Resources */ = {isa = PBXBuildFile; fileRef = B57F6B051C149F98006B6F70 /* CoinDrop.m4a */; };
		B5824F6F1C741FAE00F871DC /* bluegear32.edited.png in Resources */ = {isa = PBXBuildFile; fileRef = B5824F6E1C741FAE00F871DC /* bluegear32.edited.png */; };
		B58293C51C13A91000CA99BA /* bluespinner28.png in Resources */ = {isa = PBXBuildFile; fileRef = B58293C41C13A91000CA99BA /* bluespinner28.png */; };
		B59B9D4F1C25B6DA0015B2F8 /* SettingsViewController.m in Sources */ = {isa = PBXBuildFile; fileRef = B59B9D4E1C25B6DA0015B2F8 /* SettingsViewController.m */; };
		B5CA324B1C0B93F300CAA363 /* SpinnerViewController.m in Sources */ = {isa = PBXBuildFile; fileRef = B5CA324A1C0B93F300CAA363 /* SpinnerViewController.m */; };
		B5D129431C0BF6B500C05227 /* GameAudioPlayer.m in Sources */ = {isa = PBXBuildFile; fileRef = B5D129421C0BF6B500C05227 /* GameAudioPlayer.m */; };
		B5F59C511D29979D009296C4 /* InstructionsCell.m in Sources */ = {isa = PBXBuildFile; fileRef = B5F59C4F1D29979D009296C4 /* InstructionsCell.m */; };
		B5F59C521D29979D009296C4 /* InstructionsCell.xib in Resources */ = {isa = PBXBuildFile; fileRef = B5F59C501D29979D009296C4 /* InstructionsCell.xib */; };
/* End PBXBuildFile section */

/* Begin PBXFileReference section */
		B500DFFE1C0FEAEB00D07824 /* smiley.png */ = {isa = PBXFileReference; lastKnownFileType = image.png; path = smiley.png; sourceTree = "<group>"; };
		B50BE42D1BE50DD7008CD8E6 /* PlayerCell.h */ = {isa = PBXFileReference; fileEncoding = 4; lastKnownFileType = sourcecode.c.h; path = PlayerCell.h; sourceTree = "<group>"; };
		B50BE42E1BE50DD7008CD8E6 /* PlayerCell.m */ = {isa = PBXFileReference; fileEncoding = 4; lastKnownFileType = sourcecode.c.objc; path = PlayerCell.m; sourceTree = "<group>"; };
		B5311E201C72C29500E903FD /* iBanker.icon_180x180.png */ = {isa = PBXFileReference; lastKnownFileType = image.png; path = iBanker.icon_180x180.png; sourceTree = "<group>"; };
		B546DF0D1BDBCC360006D303 /* iBanker.app */ = {isa = PBXFileReference; explicitFileType = wrapper.application; includeInIndex = 0; path = iBanker.app; sourceTree = BUILT_PRODUCTS_DIR; };
		B546DF111BDBCC360006D303 /* main.m */ = {isa = PBXFileReference; lastKnownFileType = sourcecode.c.objc; path = main.m; sourceTree = "<group>"; };
		B546DF131BDBCC360006D303 /* AppDelegate.h */ = {isa = PBXFileReference; lastKnownFileType = sourcecode.c.h; path = AppDelegate.h; sourceTree = "<group>"; };
		B546DF141BDBCC360006D303 /* AppDelegate.m */ = {isa = PBXFileReference; lastKnownFileType = sourcecode.c.objc; path = AppDelegate.m; sourceTree = "<group>"; };
		B546DF161BDBCC360006D303 /* MasterViewController.h */ = {isa = PBXFileReference; lastKnownFileType = sourcecode.c.h; path = MasterViewController.h; sourceTree = "<group>"; };
		B546DF171BDBCC360006D303 /* MasterViewController.m */ = {isa = PBXFileReference; lastKnownFileType = sourcecode.c.objc; path = MasterViewController.m; sourceTree = "<group>"; };
		B546DF191BDBCC360006D303 /* DetailViewController.h */ = {isa = PBXFileReference; lastKnownFileType = sourcecode.c.h; path = DetailViewController.h; sourceTree = "<group>"; };
		B546DF1A1BDBCC360006D303 /* DetailViewController.m */ = {isa = PBXFileReference; lastKnownFileType = sourcecode.c.objc; path = DetailViewController.m; sourceTree = "<group>"; };
		B546DF1D1BDBCC360006D303 /* Base */ = {isa = PBXFileReference; lastKnownFileType = file.storyboard; name = Base; path = Base.lproj/Main.storyboard; sourceTree = "<group>"; };
		B546DF1F1BDBCC360006D303 /* Assets.xcassets */ = {isa = PBXFileReference; lastKnownFileType = folder.assetcatalog; path = Assets.xcassets; sourceTree = "<group>"; };
		B546DF221BDBCC360006D303 /* Base */ = {isa = PBXFileReference; lastKnownFileType = file.storyboard; name = Base; path = Base.lproj/LaunchScreen.storyboard; sourceTree = "<group>"; };
		B546DF241BDBCC360006D303 /* Info.plist */ = {isa = PBXFileReference; lastKnownFileType = text.plist.xml; path = Info.plist; sourceTree = "<group>"; };
		B546DF2A1BDBCCB90006D303 /* Player.h */ = {isa = PBXFileReference; fileEncoding = 4; lastKnownFileType = sourcecode.c.h; path = Player.h; sourceTree = "<group>"; };
		B546DF2B1BDBCCB90006D303 /* Player.m */ = {isa = PBXFileReference; fileEncoding = 4; lastKnownFileType = sourcecode.c.objc; path = Player.m; sourceTree = "<group>"; };
		B546DF2C1BDBCCB90006D303 /* PlayerStore.h */ = {isa = PBXFileReference; fileEncoding = 4; lastKnownFileType = sourcecode.c.h; path = PlayerStore.h; sourceTree = "<group>"; };
		B546DF2D1BDBCCB90006D303 /* PlayerStore.m */ = {isa = PBXFileReference; fileEncoding = 4; lastKnownFileType = sourcecode.c.objc; path = PlayerStore.m; sourceTree = "<group>"; };
		B55538ED1C152800006E1848 /* GameImageMaker.h */ = {isa = PBXFileReference; fileEncoding = 4; lastKnownFileType = sourcecode.c.h; path = GameImageMaker.h; sourceTree = "<group>"; };
		B55538EE1C152800006E1848 /* GameImageMaker.m */ = {isa = PBXFileReference; fileEncoding = 4; lastKnownFileType = sourcecode.c.objc; path = GameImageMaker.m; sourceTree = "<group>"; };
		B555BAFD1F4D179A00BADEF6 /* LICENSE */ = {isa = PBXFileReference; fileEncoding = 4; lastKnownFileType = text; path = LICENSE; sourceTree = "<group>"; };
		B555BAFF1F4D17C100BADEF6 /* README */ = {isa = PBXFileReference; fileEncoding = 4; lastKnownFileType = text; path = README; sourceTree = "<group>"; };
		B55B66721C0A3E86007FC779 /* CashRegister.Myoung8.commonswiki.m4a */ = {isa = PBXFileReference; lastKnownFileType = file; path = CashRegister.Myoung8.commonswiki.m4a; sourceTree = "<group>"; };
		B55B66761C0A3EC0007FC779 /* SadSound.m4a */ = {isa = PBXFileReference; lastKnownFileType = file; path = SadSound.m4a; sourceTree = "<group>"; };
		B55B66781C0A3EDE007FC779 /* HappySound.m4a */ = {isa = PBXFileReference; lastKnownFileType = file; path = HappySound.m4a; sourceTree = "<group>"; };
		B57360571CACC88E007280D8 /* Log.h */ = {isa = PBXFileReference; fileEncoding = 4; lastKnownFileType = sourcecode.c.h; path = Log.h; sourceTree = "<group>"; };
		B57360581CACC88E007280D8 /* Log.m */ = {isa = PBXFileReference; fileEncoding = 4; lastKnownFileType = sourcecode.c.objc; path = Log.m; sourceTree = "<group>"; };
		B57360591CACC88E007280D8 /* LogItem.h */ = {isa = PBXFileReference; fileEncoding = 4; lastKnownFileType = sourcecode.c.h; path = LogItem.h; sourceTree = "<group>"; };
		B573605A1CACC88E007280D8 /* LogItem.m */ = {isa = PBXFileReference; fileEncoding = 4; lastKnownFileType = sourcecode.c.objc; path = LogItem.m; sourceTree = "<group>"; };
		B573605B1CACC88E007280D8 /* LogViewController.h */ = {isa = PBXFileReference; fileEncoding = 4; lastKnownFileType = sourcecode.c.h; path = LogViewController.h; sourceTree = "<group>"; };
		B573605C1CACC88E007280D8 /* LogViewController.m */ = {isa = PBXFileReference; fileEncoding = 4; lastKnownFileType = sourcecode.c.objc; path = LogViewController.m; sourceTree = "<group>"; };
		B573605D1CACC88E007280D8 /* Mode.h */ = {isa = PBXFileReference; fileEncoding = 4; lastKnownFileType = sourcecode.c.h; path = Mode.h; sourceTree = "<group>"; };
		B573605E1CACC88E007280D8 /* Mode.m */ = {isa = PBXFileReference; fileEncoding = 4; lastKnownFileType = sourcecode.c.objc; path = Mode.m; sourceTree = "<group>"; };
		B573605F1CACC88E007280D8 /* SettingsStore.h */ = {isa = PBXFileReference; fileEncoding = 4; lastKnownFileType = sourcecode.c.h; path = SettingsStore.h; sourceTree = "<group>"; };
		B57360601CACC88E007280D8 /* SettingsStore.m */ = {isa = PBXFileReference; fileEncoding = 4; lastKnownFileType = sourcecode.c.objc; path = SettingsStore.m; sourceTree = "<group>"; };
		B578FD4D1CE2C3FD00820ED4 /* log28.png */ = {isa = PBXFileReference; lastKnownFileType = image.png; path = log28.png; sourceTree = "<group>"; };
		B57F6B051C149F98006B6F70 /* CoinDrop.m4a */ = {isa = PBXFileReference; lastKnownFileType = file; path = CoinDrop.m4a; sourceTree = "<group>"; };
		B5824F6E1C741FAE00F871DC /* bluegear32.edited.png */ = {isa = PBXFileReference; lastKnownFileType = image.png; path = bluegear32.edited.png; sourceTree = "<group>"; };
		B58293C41C13A91000CA99BA /* bluespinner28.png */ = {isa = PBXFileReference; lastKnownFileType = image.png; path = bluespinner28.png; sourceTree = "<group>"; };
		B59B9D4D1C25B6DA0015B2F8 /* SettingsViewController.h */ = {isa = PBXFileReference; fileEncoding = 4; lastKnownFileType = sourcecode.c.h; path = SettingsViewController.h; sourceTree = "<group>"; };
		B59B9D4E1C25B6DA0015B2F8 /* SettingsViewController.m */ = {isa = PBXFileReference; fileEncoding = 4; lastKnownFileType = sourcecode.c.objc; path = SettingsViewController.m; sourceTree = "<group>"; };
		B5CA32491C0B93F300CAA363 /* SpinnerViewController.h */ = {isa = PBXFileReference; fileEncoding = 4; lastKnownFileType = sourcecode.c.h; path = SpinnerViewController.h; sourceTree = "<group>"; };
		B5CA324A1C0B93F300CAA363 /* SpinnerViewController.m */ = {isa = PBXFileReference; fileEncoding = 4; lastKnownFileType = sourcecode.c.objc; path = SpinnerViewController.m; sourceTree = "<group>"; };
		B5D129411C0BF6B500C05227 /* GameAudioPlayer.h */ = {isa = PBXFileReference; fileEncoding = 4; lastKnownFileType = sourcecode.c.h; path = GameAudioPlayer.h; sourceTree = "<group>"; };
		B5D129421C0BF6B500C05227 /* GameAudioPlayer.m */ = {isa = PBXFileReference; fileEncoding = 4; lastKnownFileType = sourcecode.c.objc; path = GameAudioPlayer.m; sourceTree = "<group>"; };
		B5F59C4E1D29979D009296C4 /* InstructionsCell.h */ = {isa = PBXFileReference; fileEncoding = 4; lastKnownFileType = sourcecode.c.h; path = InstructionsCell.h; sourceTree = "<group>"; };
		B5F59C4F1D29979D009296C4 /* InstructionsCell.m */ = {isa = PBXFileReference; fileEncoding = 4; lastKnownFileType = sourcecode.c.objc; path = InstructionsCell.m; sourceTree = "<group>"; };
		B5F59C501D29979D009296C4 /* InstructionsCell.xib */ = {isa = PBXFileReference; fileEncoding = 4; lastKnownFileType = file.xib; path = InstructionsCell.xib; sourceTree = "<group>"; };
/* End PBXFileReference section */

/* Begin PBXFrameworksBuildPhase section */
		B546DF0A1BDBCC360006D303 /* Frameworks */ = {
			isa = PBXFrameworksBuildPhase;
			buildActionMask = 2147483647;
			files = (
			);
			runOnlyForDeploymentPostprocessing = 0;
		};
/* End PBXFrameworksBuildPhase section */

/* Begin PBXGroup section */
		B546DF041BDBCC360006D303 = {
			isa = PBXGroup;
			children = (
				B555BAFF1F4D17C100BADEF6 /* README */,
				B555BAFD1F4D179A00BADEF6 /* LICENSE */,
				B546DF0F1BDBCC360006D303 /* GameCalc */,
				B546DF0E1BDBCC360006D303 /* Products */,
			);
			sourceTree = "<group>";
		};
		B546DF0E1BDBCC360006D303 /* Products */ = {
			isa = PBXGroup;
			children = (
				B546DF0D1BDBCC360006D303 /* iBanker.app */,
			);
			name = Products;
			sourceTree = "<group>";
		};
		B546DF0F1BDBCC360006D303 /* GameCalc */ = {
			isa = PBXGroup;
			children = (
				B5E6DDD81FEED32E00C5CB03 /* Helpers */,
				B5E6DDD31FEED24000C5CB03 /* Model Objects */,
				B5E6DDD41FEED24F00C5CB03 /* Model Stores */,
				B5E6DDD51FEED27700C5CB03 /* View Controllers */,
				B546DF211BDBCC360006D303 /* LaunchScreen.storyboard */,
				B546DF1C1BDBCC360006D303 /* Main.storyboard */,
				B546DF131BDBCC360006D303 /* AppDelegate.h */,
				B546DF141BDBCC360006D303 /* AppDelegate.m */,
				B5E6DDD71FEED2A000C5CB03 /* Supporting Files */,
				B546DF1F1BDBCC360006D303 /* Assets.xcassets */,
				B546DF241BDBCC360006D303 /* Info.plist */,
			);
			path = GameCalc;
			sourceTree = "<group>";
		};
		B5E6DDD31FEED24000C5CB03 /* Model Objects */ = {
			isa = PBXGroup;
			children = (
				B546DF2A1BDBCCB90006D303 /* Player.h */,
				B546DF2B1BDBCCB90006D303 /* Player.m */,
				B573605D1CACC88E007280D8 /* Mode.h */,
				B573605E1CACC88E007280D8 /* Mode.m */,
				B57360591CACC88E007280D8 /* LogItem.h */,
				B573605A1CACC88E007280D8 /* LogItem.m */,
			);
			path = "Model Objects";
			sourceTree = "<group>";
		};
		B5E6DDD41FEED24F00C5CB03 /* Model Stores */ = {
			isa = PBXGroup;
			children = (
				B546DF2C1BDBCCB90006D303 /* PlayerStore.h */,
				B546DF2D1BDBCCB90006D303 /* PlayerStore.m */,
				B573605F1CACC88E007280D8 /* SettingsStore.h */,
				B57360601CACC88E007280D8 /* SettingsStore.m */,
				B57360571CACC88E007280D8 /* Log.h */,
				B57360581CACC88E007280D8 /* Log.m */,
			);
			path = "Model Stores";
			sourceTree = "<group>";
		};
		B5E6DDD51FEED27700C5CB03 /* View Controllers */ = {
			isa = PBXGroup;
			children = (
				B5E6DDD61FEED28400C5CB03 /* TableView Cells */,
				B546DF161BDBCC360006D303 /* MasterViewController.h */,
				B546DF171BDBCC360006D303 /* MasterViewController.m */,
				B546DF191BDBCC360006D303 /* DetailViewController.h */,
				B546DF1A1BDBCC360006D303 /* DetailViewController.m */,
				B59B9D4D1C25B6DA0015B2F8 /* SettingsViewController.h */,
				B59B9D4E1C25B6DA0015B2F8 /* SettingsViewController.m */,
				B573605B1CACC88E007280D8 /* LogViewController.h */,
				B573605C1CACC88E007280D8 /* LogViewController.m */,
				B5CA32491C0B93F300CAA363 /* SpinnerViewController.h */,
				B5CA324A1C0B93F300CAA363 /* SpinnerViewController.m */,
			);
			path = "View Controllers";
			sourceTree = "<group>";
		};
		B5E6DDD61FEED28400C5CB03 /* TableView Cells */ = {
			isa = PBXGroup;
			children = (
				B50BE42D1BE50DD7008CD8E6 /* PlayerCell.h */,
				B50BE42E1BE50DD7008CD8E6 /* PlayerCell.m */,
				B5F59C4E1D29979D009296C4 /* InstructionsCell.h */,
				B5F59C4F1D29979D009296C4 /* InstructionsCell.m */,
				B5F59C501D29979D009296C4 /* InstructionsCell.xib */,
			);
			path = "TableView Cells";
			sourceTree = "<group>";
		};
		B5E6DDD71FEED2A000C5CB03 /* Supporting Files */ = {
			isa = PBXGroup;
			children = (
				B578FD4D1CE2C3FD00820ED4 /* log28.png */,
				B5824F6E1C741FAE00F871DC /* bluegear32.edited.png */,
				B5311E201C72C29500E903FD /* iBanker.icon_180x180.png */,
				B57F6B051C149F98006B6F70 /* CoinDrop.m4a */,
				B58293C41C13A91000CA99BA /* bluespinner28.png */,
				B55B66781C0A3EDE007FC779 /* HappySound.m4a */,
				B500DFFE1C0FEAEB00D07824 /* smiley.png */,
				B55B66761C0A3EC0007FC779 /* SadSound.m4a */,
				B55B66721C0A3E86007FC779 /* CashRegister.Myoung8.commonswiki.m4a */,
				B546DF111BDBCC360006D303 /* main.m */,
			);
			path = "Supporting Files";
			sourceTree = "<group>";
		};
		B5E6DDD81FEED32E00C5CB03 /* Helpers */ = {
			isa = PBXGroup;
			children = (
				B5D129411C0BF6B500C05227 /* GameAudioPlayer.h */,
				B5D129421C0BF6B500C05227 /* GameAudioPlayer.m */,
				B55538ED1C152800006E1848 /* GameImageMaker.h */,
				B55538EE1C152800006E1848 /* GameImageMaker.m */,
			);
			path = Helpers;
			sourceTree = "<group>";
		};
/* End PBXGroup section */

/* Begin PBXNativeTarget section */
		B546DF0C1BDBCC360006D303 /* iBanker */ = {
			isa = PBXNativeTarget;
			buildConfigurationList = B546DF271BDBCC360006D303 /* Build configuration list for PBXNativeTarget "iBanker" */;
			buildPhases = (
				B546DF091BDBCC360006D303 /* Sources */,
				B546DF0A1BDBCC360006D303 /* Frameworks */,
				B546DF0B1BDBCC360006D303 /* Resources */,
			);
			buildRules = (
			);
			dependencies = (
			);
			name = iBanker;
			productName = GameCalc;
			productReference = B546DF0D1BDBCC360006D303 /* iBanker.app */;
			productType = "com.apple.product-type.application";
		};
/* End PBXNativeTarget section */

/* Begin PBXProject section */
		B546DF051BDBCC360006D303 /* Project object */ = {
			isa = PBXProject;
			attributes = {
				LastUpgradeCheck = 0910;
				ORGANIZATIONNAME = "Pete Maiser";
				TargetAttributes = {
					B546DF0C1BDBCC360006D303 = {
						CreatedOnToolsVersion = 7.1;
						DevelopmentTeam = 5M3EYN9AZR;
					};
				};
			};
			buildConfigurationList = B546DF081BDBCC360006D303 /* Build configuration list for PBXProject "GameCalc" */;
			compatibilityVersion = "Xcode 3.2";
			developmentRegion = English;
			hasScannedForEncodings = 0;
			knownRegions = (
				en,
				Base,
			);
			mainGroup = B546DF041BDBCC360006D303;
			productRefGroup = B546DF0E1BDBCC360006D303 /* Products */;
			projectDirPath = "";
			projectRoot = "";
			targets = (
				B546DF0C1BDBCC360006D303 /* iBanker */,
			);
		};
/* End PBXProject section */

/* Begin PBXResourcesBuildPhase section */
		B546DF0B1BDBCC360006D303 /* Resources */ = {
			isa = PBXResourcesBuildPhase;
			buildActionMask = 2147483647;
			files = (
				B555BB001F4D17C100BADEF6 /* README in Resources */,
				B58293C51C13A91000CA99BA /* bluespinner28.png in Resources */,
				B5824F6F1C741FAE00F871DC /* bluegear32.edited.png in Resources */,
				B500DFFF1C0FEAEB00D07824 /* smiley.png in Resources */,
				B5F59C521D29979D009296C4 /* InstructionsCell.xib in Resources */,
				B546DF231BDBCC360006D303 /* LaunchScreen.storyboard in Resources */,
				B5311E211C72C29500E903FD /* iBanker.icon_180x180.png in Resources */,
				B546DF201BDBCC360006D303 /* Assets.xcassets in Resources */,
				B578FD4E1CE2C3FD00820ED4 /* log28.png in Resources */,
				B546DF1E1BDBCC360006D303 /* Main.storyboard in Resources */,
				B57F6B061C149F98006B6F70 /* CoinDrop.m4a in Resources */,
				B555BAFE1F4D179A00BADEF6 /* LICENSE in Resources */,
				B55B66771C0A3EC0007FC779 /* SadSound.m4a in Resources */,
				B55B66731C0A3E86007FC779 /* CashRegister.Myoung8.commonswiki.m4a in Resources */,
				B55B66791C0A3EDE007FC779 /* HappySound.m4a in Resources */,
			);
			runOnlyForDeploymentPostprocessing = 0;
		};
/* End PBXResourcesBuildPhase section */

/* Begin PBXSourcesBuildPhase section */
		B546DF091BDBCC360006D303 /* Sources */ = {
			isa = PBXSourcesBuildPhase;
			buildActionMask = 2147483647;
			files = (
				B55538EF1C152800006E1848 /* GameImageMaker.m in Sources */,
				B57360621CACC88E007280D8 /* LogItem.m in Sources */,
				B5CA324B1C0B93F300CAA363 /* SpinnerViewController.m in Sources */,
				B5D129431C0BF6B500C05227 /* GameAudioPlayer.m in Sources */,
				B546DF2F1BDBCCB90006D303 /* PlayerStore.m in Sources */,
				B50BE4301BE50DD7008CD8E6 /* PlayerCell.m in Sources */,
				B546DF151BDBCC360006D303 /* AppDelegate.m in Sources */,
				B57360631CACC88E007280D8 /* LogViewController.m in Sources */,
				B57360651CACC88E007280D8 /* SettingsStore.m in Sources */,
				B57360611CACC88E007280D8 /* Log.m in Sources */,
				B546DF181BDBCC360006D303 /* MasterViewController.m in Sources */,
				B57360641CACC88E007280D8 /* Mode.m in Sources */,
				B546DF121BDBCC360006D303 /* main.m in Sources */,
				B59B9D4F1C25B6DA0015B2F8 /* SettingsViewController.m in Sources */,
				B5F59C511D29979D009296C4 /* InstructionsCell.m in Sources */,
				B546DF1B1BDBCC360006D303 /* DetailViewController.m in Sources */,
				B546DF2E1BDBCCB90006D303 /* Player.m in Sources */,
			);
			runOnlyForDeploymentPostprocessing = 0;
		};
/* End PBXSourcesBuildPhase section */

/* Begin PBXVariantGroup section */
		B546DF1C1BDBCC360006D303 /* Main.storyboard */ = {
			isa = PBXVariantGroup;
			children = (
				B546DF1D1BDBCC360006D303 /* Base */,
			);
			name = Main.storyboard;
			sourceTree = "<group>";
		};
		B546DF211BDBCC360006D303 /* LaunchScreen.storyboard */ = {
			isa = PBXVariantGroup;
			children = (
				B546DF221BDBCC360006D303 /* Base */,
			);
			name = LaunchScreen.storyboard;
			sourceTree = "<group>";
		};
/* End PBXVariantGroup section */

/* Begin XCBuildConfiguration section */
		B546DF251BDBCC360006D303 /* Debug */ = {
			isa = XCBuildConfiguration;
			buildSettings = {
				ALWAYS_SEARCH_USER_PATHS = NO;
				CLANG_CXX_LANGUAGE_STANDARD = "gnu++0x";
				CLANG_CXX_LIBRARY = "libc++";
				CLANG_ENABLE_MODULES = YES;
				CLANG_ENABLE_OBJC_ARC = YES;
				CLANG_WARN_BLOCK_CAPTURE_AUTORELEASING = YES;
				CLANG_WARN_BOOL_CONVERSION = YES;
				CLANG_WARN_COMMA = YES;
				CLANG_WARN_CONSTANT_CONVERSION = YES;
				CLANG_WARN_DIRECT_OBJC_ISA_USAGE = YES_ERROR;
				CLANG_WARN_EMPTY_BODY = YES;
				CLANG_WARN_ENUM_CONVERSION = YES;
				CLANG_WARN_INFINITE_RECURSION = YES;
				CLANG_WARN_INT_CONVERSION = YES;
				CLANG_WARN_NON_LITERAL_NULL_CONVERSION = YES;
				CLANG_WARN_OBJC_LITERAL_CONVERSION = YES;
				CLANG_WARN_OBJC_ROOT_CLASS = YES_ERROR;
				CLANG_WARN_RANGE_LOOP_ANALYSIS = YES;
				CLANG_WARN_STRICT_PROTOTYPES = YES;
				CLANG_WARN_SUSPICIOUS_MOVE = YES;
				CLANG_WARN_UNREACHABLE_CODE = YES;
				CLANG_WARN__DUPLICATE_METHOD_MATCH = YES;
				"CODE_SIGN_IDENTITY[sdk=iphoneos*]" = "iPhone Developer";
				COPY_PHASE_STRIP = NO;
				DEBUG_INFORMATION_FORMAT = dwarf;
				ENABLE_STRICT_OBJC_MSGSEND = YES;
				ENABLE_TESTABILITY = YES;
				GCC_C_LANGUAGE_STANDARD = gnu99;
				GCC_DYNAMIC_NO_PIC = NO;
				GCC_NO_COMMON_BLOCKS = YES;
				GCC_OPTIMIZATION_LEVEL = 0;
				GCC_PREPROCESSOR_DEFINITIONS = (
					"DEBUG=1",
					"$(inherited)",
				);
				GCC_WARN_64_TO_32_BIT_CONVERSION = YES;
				GCC_WARN_ABOUT_RETURN_TYPE = YES_ERROR;
				GCC_WARN_UNDECLARED_SELECTOR = YES;
				GCC_WARN_UNINITIALIZED_AUTOS = YES_AGGRESSIVE;
				GCC_WARN_UNUSED_FUNCTION = YES;
				GCC_WARN_UNUSED_VARIABLE = YES;
				IPHONEOS_DEPLOYMENT_TARGET = 9.1;
				MTL_ENABLE_DEBUG_INFO = YES;
				ONLY_ACTIVE_ARCH = YES;
				SDKROOT = iphoneos;
				TARGETED_DEVICE_FAMILY = "1,2";
			};
			name = Debug;
		};
		B546DF261BDBCC360006D303 /* Release */ = {
			isa = XCBuildConfiguration;
			buildSettings = {
				ALWAYS_SEARCH_USER_PATHS = NO;
				CLANG_CXX_LANGUAGE_STANDARD = "gnu++0x";
				CLANG_CXX_LIBRARY = "libc++";
				CLANG_ENABLE_MODULES = YES;
				CLANG_ENABLE_OBJC_ARC = YES;
				CLANG_WARN_BLOCK_CAPTURE_AUTORELEASING = YES;
				CLANG_WARN_BOOL_CONVERSION = YES;
				CLANG_WARN_COMMA = YES;
				CLANG_WARN_CONSTANT_CONVERSION = YES;
				CLANG_WARN_DIRECT_OBJC_ISA_USAGE = YES_ERROR;
				CLANG_WARN_EMPTY_BODY = YES;
				CLANG_WARN_ENUM_CONVERSION = YES;
				CLANG_WARN_INFINITE_RECURSION = YES;
				CLANG_WARN_INT_CONVERSION = YES;
				CLANG_WARN_NON_LITERAL_NULL_CONVERSION = YES;
				CLANG_WARN_OBJC_LITERAL_CONVERSION = YES;
				CLANG_WARN_OBJC_ROOT_CLASS = YES_ERROR;
				CLANG_WARN_RANGE_LOOP_ANALYSIS = YES;
				CLANG_WARN_STRICT_PROTOTYPES = YES;
				CLANG_WARN_SUSPICIOUS_MOVE = YES;
				CLANG_WARN_UNREACHABLE_CODE = YES;
				CLANG_WARN__DUPLICATE_METHOD_MATCH = YES;
				"CODE_SIGN_IDENTITY[sdk=iphoneos*]" = "iPhone Developer";
				COPY_PHASE_STRIP = NO;
				DEBUG_INFORMATION_FORMAT = "dwarf-with-dsym";
				ENABLE_NS_ASSERTIONS = NO;
				ENABLE_STRICT_OBJC_MSGSEND = YES;
				GCC_C_LANGUAGE_STANDARD = gnu99;
				GCC_NO_COMMON_BLOCKS = YES;
				GCC_WARN_64_TO_32_BIT_CONVERSION = YES;
				GCC_WARN_ABOUT_RETURN_TYPE = YES_ERROR;
				GCC_WARN_UNDECLARED_SELECTOR = YES;
				GCC_WARN_UNINITIALIZED_AUTOS = YES_AGGRESSIVE;
				GCC_WARN_UNUSED_FUNCTION = YES;
				GCC_WARN_UNUSED_VARIABLE = YES;
				IPHONEOS_DEPLOYMENT_TARGET = 9.1;
				MTL_ENABLE_DEBUG_INFO = NO;
				SDKROOT = iphoneos;
				TARGETED_DEVICE_FAMILY = "1,2";
				VALIDATE_PRODUCT = YES;
			};
			name = Release;
		};
		B546DF281BDBCC360006D303 /* Debug */ = {
			isa = XCBuildConfiguration;
			buildSettings = {
				ASSETCATALOG_COMPILER_APPICON_NAME = AppIcon;
				CODE_SIGN_IDENTITY = "iPhone Developer";
				"CODE_SIGN_IDENTITY[sdk=iphoneos*]" = "iPhone Developer";
				INFOPLIST_FILE = GameCalc/Info.plist;
				IPHONEOS_DEPLOYMENT_TARGET = 10.3;
				LD_RUNPATH_SEARCH_PATHS = "$(inherited) @executable_path/Frameworks";
				PRODUCT_BUNDLE_IDENTIFIER = com.maiser.GameCalc;
				PRODUCT_NAME = "$(TARGET_NAME)";
				PROVISIONING_PROFILE = "";
			};
			name = Debug;
		};
		B546DF291BDBCC360006D303 /* Release */ = {
			isa = XCBuildConfiguration;
			buildSettings = {
				ASSETCATALOG_COMPILER_APPICON_NAME = AppIcon;
				CODE_SIGN_IDENTITY = "iPhone Developer";
				"CODE_SIGN_IDENTITY[sdk=iphoneos*]" = "iPhone Developer";
				INFOPLIST_FILE = GameCalc/Info.plist;
				IPHONEOS_DEPLOYMENT_TARGET = 10.3;
				LD_RUNPATH_SEARCH_PATHS = "$(inherited) @executable_path/Frameworks";
				PRODUCT_BUNDLE_IDENTIFIER = com.maiser.GameCalc;
				PRODUCT_NAME = "$(TARGET_NAME)";
				PROVISIONING_PROFILE = "";
			};
			name = Release;
		};
/* End XCBuildConfiguration section */

/* Begin XCConfigurationList section */
		B546DF081BDBCC360006D303 /* Build configuration list for PBXProject "GameCalc" */ = {
			isa = XCConfigurationList;
			buildConfigurations = (
				B546DF251BDBCC360006D303 /* Debug */,
				B546DF261BDBCC360006D303 /* Release */,
			);
			defaultConfigurationIsVisible = 0;
			defaultConfigurationName = Release;
		};
		B546DF271BDBCC360006D303 /* Build configuration list for PBXNativeTarget "iBanker" */ = {
			isa = XCConfigurationList;
			buildConfigurations = (
				B546DF281BDBCC360006D303 /* Debug */,
				B546DF291BDBCC360006D303 /* Release */,
			);
			defaultConfigurationIsVisible = 0;
			defaultConfigurationName = Release;
		};
/* End XCConfigurationList section */
	};
	rootObject = B546DF051BDBCC360006D303 /* Project object */;
}
